
Microsoft Visual Studio Solution File, Format Version 12.00
# Visual Studio Version 16
VisualStudioVersion = 16.0.28803.156
MinimumVisualStudioVersion = 10.0.40219.1
Project("{FAE04EC0-301F-11D3-BF4B-00C04F79EFBC}") = "JSonConfig", "JSonConfig\JSonConfig.csproj", "{64415805-9C74-43D4-8059-65773FFED2C9}"
EndProject
Global
	GlobalSection(SolutionConfigurationPlatforms) = preSolution
		Debug|Any CPU = Debug|Any CPU
		Release|Any CPU = Release|Any CPU
	EndGlobalSection
	GlobalSection(ProjectConfigurationPlatforms) = postSolution
		{64415805-9C74-43D4-8059-65773FFED2C9}.Debug|Any CPU.ActiveCfg = Debug|Any CPU
		{64415805-9C74-43D4-8059-65773FFED2C9}.Debug|Any CPU.Build.0 = Debug|Any CPU
		{64415805-9C74-43D4-8059-65773FFED2C9}.Release|Any CPU.ActiveCfg = Release|Any CPU
		{64415805-9C74-43D4-8059-65773FFED2C9}.Release|Any CPU.Build.0 = Release|Any CPU
	EndGlobalSection
	GlobalSection(SolutionProperties) = preSolution
		HideSolutionNode = FALSE
	EndGlobalSection
	GlobalSection(ExtensibilityGlobals) = postSolution
		SolutionGuid = {88650DE3-DC34-4CE4-BE73-B67A5138AD21}
	EndGlobalSection
EndGlobal
